
Microsoft Visual Studio Solution File, Format Version 12.00
# Visual Studio Version 17
VisualStudioVersion = 17.14.37216.2 d17.14
MinimumVisualStudioVersion = 10.0.40219.1
Project("{FAE04EC0-301F-11D3-BF4B-00C04F79EFBC}") = "MyAspNetApiLib", "AspNetApiLib\MyAspNetApiLib.csproj", "{B897633B-930A-4F17-878F-7A49173032DC}"
EndProject
Project("{FAE04EC0-301F-11D3-BF4B-00C04F79EFBC}") = "MyEntityFrameworkApiLib", "MyEntityFrameworkApiLib\MyEntityFrameworkApiLib.csproj", "{46BA7DC5-E041-4288-9945-68B076FCFC4A}"
EndProject
Global
	GlobalSection(SolutionConfigurationPlatforms) = preSolution
		Debug|Any CPU = Debug|Any CPU
		Release|Any CPU = Release|Any CPU
	EndGlobalSection
	GlobalSection(ProjectConfigurationPlatforms) = postSolution
		{B897633B-930A-4F17-878F-7A49173032DC}.Debug|Any CPU.ActiveCfg = Debug|Any CPU
		{B897633B-930A-4F17-878F-7A49173032DC}.Debug|Any CPU.Build.0 = Debug|Any CPU
		{B897633B-930A-4F17-878F-7A49173032DC}.Release|Any CPU.ActiveCfg = Release|Any CPU
		{B897633B-930A-4F17-878F-7A49173032DC}.Release|Any CPU.Build.0 = Release|Any CPU
		{46BA7DC5-E041-4288-9945-68B076FCFC4A}.Debug|Any CPU.ActiveCfg = Debug|Any CPU
		{46BA7DC5-E041-4288-9945-68B076FCFC4A}.Debug|Any CPU.Build.0 = Debug|Any CPU
		{46BA7DC5-E041-4288-9945-68B076FCFC4A}.Release|Any CPU.ActiveCfg = Release|Any CPU
		{46BA7DC5-E041-4288-9945-68B076FCFC4A}.Release|Any CPU.Build.0 = Release|Any CPU
	EndGlobalSection
	GlobalSection(SolutionProperties) = preSolution
		HideSolutionNode = FALSE
	EndGlobalSection
	GlobalSection(ExtensibilityGlobals) = postSolution
		SolutionGuid = {1B5FA634-8F7C-45A2-AB2E-F7B2710C1EAD}
	EndGlobalSection
EndGlobal
